
Microsoft Visual Studio Solution File, Format Version 12.00
# Visual Studio Version 17
VisualStudioVersion = 17.11.35222.181
MinimumVisualStudioVersion = 10.0.40219.1
Project("{9A19103F-16F7-4668-BE54-9A1E7A4F7556}") = "ScreenPrivacy", "ScreenPrivacy\ScreenPrivacy.csproj", "{1F1A1465-4525-4656-A031-07219D8524CF}"
EndProject
Project("{54435603-DBB4-11D2-8724-00A0C9A8B90C}") = "ScreenPrivacySetup", "ScreenPrivacySetup\ScreenPrivacySetup.vdproj", "{B9E3E4A0-6E17-4DE5-87C4-5A67EE479EF3}"
EndProject
Global
	GlobalSection(SolutionConfigurationPlatforms) = preSolution
		Debug|Any CPU = Debug|Any CPU
		Release|Any CPU = Release|Any CPU
	EndGlobalSection
	GlobalSection(ProjectConfigurationPlatforms) = postSolution
		{1F1A1465-4525-4656-A031-07219D8524CF}.Debug|Any CPU.ActiveCfg = Debug|Any CPU
		{1F1A1465-4525-4656-A031-07219D8524CF}.Debug|Any CPU.Build.0 = Debug|Any CPU
		{1F1A1465-4525-4656-A031-07219D8524CF}.Release|Any CPU.ActiveCfg = Release|Any CPU
		{1F1A1465-4525-4656-A031-07219D8524CF}.Release|Any CPU.Build.0 = Release|Any CPU
		{B9E3E4A0-6E17-4DE5-87C4-5A67EE479EF3}.Debug|Any CPU.ActiveCfg = Debug
		{B9E3E4A0-6E17-4DE5-87C4-5A67EE479EF3}.Release|Any CPU.ActiveCfg = Release
	EndGlobalSection
	GlobalSection(SolutionProperties) = preSolution
		HideSolutionNode = FALSE
	EndGlobalSection
	GlobalSection(ExtensibilityGlobals) = postSolution
		SolutionGuid = {ADA6E4DC-3626-40E7-B280-8B32A558963C}
	EndGlobalSection
EndGlobal
